
Microsoft Visual Studio Solution File, Format Version 12.00
# Visual Studio Version 17
VisualStudioVersion = 17.6.33606.364
MinimumVisualStudioVersion = 10.0.40219.1
Project("{9A19103F-16F7-4668-BE54-9A1E7A4F7556}") = "DATReportCreator", "ReportCreator\DATReportCreator.csproj", "{E97B8EC9-822B-4939-A6B4-F33AB7ED9C3E}"
EndProject
Global
	GlobalSection(SolutionConfigurationPlatforms) = preSolution
		Debug|Any CPU = Debug|Any CPU
		Release|Any CPU = Release|Any CPU
	EndGlobalSection
	GlobalSection(ProjectConfigurationPlatforms) = postSolution
		{E97B8EC9-822B-4939-A6B4-F33AB7ED9C3E}.Debug|Any CPU.ActiveCfg = Debug|Any CPU
		{E97B8EC9-822B-4939-A6B4-F33AB7ED9C3E}.Debug|Any CPU.Build.0 = Debug|Any CPU
		{E97B8EC9-822B-4939-A6B4-F33AB7ED9C3E}.Release|Any CPU.ActiveCfg = Release|Any CPU
		{E97B8EC9-822B-4939-A6B4-F33AB7ED9C3E}.Release|Any CPU.Build.0 = Release|Any CPU
	EndGlobalSection
	GlobalSection(SolutionProperties) = preSolution
		HideSolutionNode = FALSE
	EndGlobalSection
	GlobalSection(ExtensibilityGlobals) = postSolution
		SolutionGuid = {58EEA18B-7F9B-4F91-BE49-E0587C483033}
	EndGlobalSection
EndGlobal
